
Microsoft Visual Studio Solution File, Format Version 12.00
# Visual Studio 2013
VisualStudioVersion = 12.0.21005.1
MinimumVisualStudioVersion = 10.0.40219.1
Project("{FAE04EC0-301F-11D3-BF4B-00C04F79EFBC}") = "Acciones_Personal", "Acciones_Personal\Acciones_Personal.csproj", "{FCC28554-5499-4575-8BD8-A1E157AF5FDB}"
EndProject
Global
	GlobalSection(SubversionScc) = preSolution
		Svn-Managed = True
		Manager = AnkhSVN - Subversion Support for Visual Studio
	EndGlobalSection
	GlobalSection(SolutionConfigurationPlatforms) = preSolution
		Debug|Any CPU = Debug|Any CPU
		Release|Any CPU = Release|Any CPU
	EndGlobalSection
	GlobalSection(ProjectConfigurationPlatforms) = postSolution
		{FCC28554-5499-4575-8BD8-A1E157AF5FDB}.Debug|Any CPU.ActiveCfg = Debug|Any CPU
		{FCC28554-5499-4575-8BD8-A1E157AF5FDB}.Debug|Any CPU.Build.0 = Debug|Any CPU
		{FCC28554-5499-4575-8BD8-A1E157AF5FDB}.Release|Any CPU.ActiveCfg = Release|Any CPU
		{FCC28554-5499-4575-8BD8-A1E157AF5FDB}.Release|Any CPU.Build.0 = Release|Any CPU
	EndGlobalSection
	GlobalSection(SolutionProperties) = preSolution
		HideSolutionNode = FALSE
	EndGlobalSection
EndGlobal
